
Microsoft Visual Studio Solution File, Format Version 12.00
# Visual Studio 14
VisualStudioVersion = 14.0.25420.1
MinimumVisualStudioVersion = 10.0.40219.1
Project("{2150E333-8FDC-42A3-9474-1A3956D46DE8}") = "01. Core", "01. Core", "{F1D3BABC-26CF-4686-A81E-445349B8DF77}"
EndProject
Project("{2150E333-8FDC-42A3-9474-1A3956D46DE8}") = "02. Modules", "02. Modules", "{BD5E3D6C-EA0A-4A32-ABFC-B7EFC0CC3411}"
EndProject
Project("{2150E333-8FDC-42A3-9474-1A3956D46DE8}") = "03. Presentation", "03. Presentation", "{2AF3E61E-3E35-45FC-99B6-F67275A4AD95}"
EndProject
Project("{2150E333-8FDC-42A3-9474-1A3956D46DE8}") = "04. Tests", "04. Tests", "{702E9EBF-3011-44A3-9F0B-AF102FEB0A0B}"
EndProject
Project("{2150E333-8FDC-42A3-9474-1A3956D46DE8}") = "CurrencyExchangeRates", "CurrencyExchangeRates", "{CBFC2419-346A-4BB7-84B7-1FA0473DC9E3}"
EndProject
Project("{FAE04EC0-301F-11D3-BF4B-00C04F79EFBC}") = "CurrencyExchangeRates.Business", "ChangeCurrency.Business.Operations\CurrencyExchangeRates.Business.csproj", "{FFD07CD3-CAE8-41C0-A9AB-08F0E7D3EDC0}"
EndProject
Project("{FAE04EC0-301F-11D3-BF4B-00C04F79EFBC}") = "Business.Tests", "Business.Tests\Business.Tests.csproj", "{40141F87-A5E5-43A6-88DA-7E40F6B9614D}"
EndProject
Project("{FAE04EC0-301F-11D3-BF4B-00C04F79EFBC}") = "ChangeCurrency.Resouces", "ChangeCurrency.Resouces\ChangeCurrency.Resouces.csproj", "{AA0CF3F0-5B18-4BC9-AF9A-E67A79A6A234}"
EndProject
Project("{FAE04EC0-301F-11D3-BF4B-00C04F79EFBC}") = "ChamgeCurrency.Contracts", "ChamgeCurrency.Contracts\ChamgeCurrency.Contracts.csproj", "{7A0CEBB2-2244-4DEC-87D4-0DBE200607FC}"
EndProject
Project("{FAE04EC0-301F-11D3-BF4B-00C04F79EFBC}") = "CurrencyExchangeRates.Validation", "ChangeCurrency.Validation\CurrencyExchangeRates.Validation.csproj", "{BBB9C5C7-0DF4-44E8-9851-5C509B40A7B1}"
EndProject
Project("{FAE04EC0-301F-11D3-BF4B-00C04F79EFBC}") = "IocContainer", "IocContainer\IocContainer.csproj", "{F736B24B-2A6D-4A0F-B34B-EC010ECB0447}"
EndProject
Project("{FAE04EC0-301F-11D3-BF4B-00C04F79EFBC}") = "CurrencyExchangeRates.Contracts", "CurrencyExchangeRates.Contracts\CurrencyExchangeRates.Contracts.csproj", "{2706F5CA-9ADD-42DD-8AAC-F88A4B7880A2}"
EndProject
Project("{FAE04EC0-301F-11D3-BF4B-00C04F79EFBC}") = "UI.Web", "UI.Web\UI.Web.csproj", "{88A464BD-E8AB-46B4-807B-DF58F6F29DE3}"
EndProject
Global
	GlobalSection(SolutionConfigurationPlatforms) = preSolution
		Debug|Any CPU = Debug|Any CPU
		Release|Any CPU = Release|Any CPU
	EndGlobalSection
	GlobalSection(ProjectConfigurationPlatforms) = postSolution
		{FFD07CD3-CAE8-41C0-A9AB-08F0E7D3EDC0}.Debug|Any CPU.ActiveCfg = Debug|Any CPU
		{FFD07CD3-CAE8-41C0-A9AB-08F0E7D3EDC0}.Debug|Any CPU.Build.0 = Debug|Any CPU
		{FFD07CD3-CAE8-41C0-A9AB-08F0E7D3EDC0}.Release|Any CPU.ActiveCfg = Release|Any CPU
		{FFD07CD3-CAE8-41C0-A9AB-08F0E7D3EDC0}.Release|Any CPU.Build.0 = Release|Any CPU
		{40141F87-A5E5-43A6-88DA-7E40F6B9614D}.Debug|Any CPU.ActiveCfg = Debug|Any CPU
		{40141F87-A5E5-43A6-88DA-7E40F6B9614D}.Debug|Any CPU.Build.0 = Debug|Any CPU
		{40141F87-A5E5-43A6-88DA-7E40F6B9614D}.Release|Any CPU.ActiveCfg = Release|Any CPU
		{40141F87-A5E5-43A6-88DA-7E40F6B9614D}.Release|Any CPU.Build.0 = Release|Any CPU
		{AA0CF3F0-5B18-4BC9-AF9A-E67A79A6A234}.Debug|Any CPU.ActiveCfg = Debug|Any CPU
		{AA0CF3F0-5B18-4BC9-AF9A-E67A79A6A234}.Debug|Any CPU.Build.0 = Debug|Any CPU
		{AA0CF3F0-5B18-4BC9-AF9A-E67A79A6A234}.Release|Any CPU.ActiveCfg = Release|Any CPU
		{AA0CF3F0-5B18-4BC9-AF9A-E67A79A6A234}.Release|Any CPU.Build.0 = Release|Any CPU
		{7A0CEBB2-2244-4DEC-87D4-0DBE200607FC}.Debug|Any CPU.ActiveCfg = Debug|Any CPU
		{7A0CEBB2-2244-4DEC-87D4-0DBE200607FC}.Debug|Any CPU.Build.0 = Debug|Any CPU
		{7A0CEBB2-2244-4DEC-87D4-0DBE200607FC}.Release|Any CPU.ActiveCfg = Release|Any CPU
		{7A0CEBB2-2244-4DEC-87D4-0DBE200607FC}.Release|Any CPU.Build.0 = Release|Any CPU
		{BBB9C5C7-0DF4-44E8-9851-5C509B40A7B1}.Debug|Any CPU.ActiveCfg = Debug|Any CPU
		{BBB9C5C7-0DF4-44E8-9851-5C509B40A7B1}.Debug|Any CPU.Build.0 = Debug|Any CPU
		{BBB9C5C7-0DF4-44E8-9851-5C509B40A7B1}.Release|Any CPU.ActiveCfg = Release|Any CPU
		{BBB9C5C7-0DF4-44E8-9851-5C509B40A7B1}.Release|Any CPU.Build.0 = Release|Any CPU
		{F736B24B-2A6D-4A0F-B34B-EC010ECB0447}.Debug|Any CPU.ActiveCfg = Debug|Any CPU
		{F736B24B-2A6D-4A0F-B34B-EC010ECB0447}.Debug|Any CPU.Build.0 = Debug|Any CPU
		{F736B24B-2A6D-4A0F-B34B-EC010ECB0447}.Release|Any CPU.ActiveCfg = Release|Any CPU
		{F736B24B-2A6D-4A0F-B34B-EC010ECB0447}.Release|Any CPU.Build.0 = Release|Any CPU
		{2706F5CA-9ADD-42DD-8AAC-F88A4B7880A2}.Debug|Any CPU.ActiveCfg = Debug|Any CPU
		{2706F5CA-9ADD-42DD-8AAC-F88A4B7880A2}.Debug|Any CPU.Build.0 = Debug|Any CPU
		{2706F5CA-9ADD-42DD-8AAC-F88A4B7880A2}.Release|Any CPU.ActiveCfg = Release|Any CPU
		{2706F5CA-9ADD-42DD-8AAC-F88A4B7880A2}.Release|Any CPU.Build.0 = Release|Any CPU
		{88A464BD-E8AB-46B4-807B-DF58F6F29DE3}.Debug|Any CPU.ActiveCfg = Debug|Any CPU
		{88A464BD-E8AB-46B4-807B-DF58F6F29DE3}.Debug|Any CPU.Build.0 = Debug|Any CPU
		{88A464BD-E8AB-46B4-807B-DF58F6F29DE3}.Release|Any CPU.ActiveCfg = Release|Any CPU
		{88A464BD-E8AB-46B4-807B-DF58F6F29DE3}.Release|Any CPU.Build.0 = Release|Any CPU
	EndGlobalSection
	GlobalSection(SolutionProperties) = preSolution
		HideSolutionNode = FALSE
	EndGlobalSection
	GlobalSection(NestedProjects) = preSolution
		{CBFC2419-346A-4BB7-84B7-1FA0473DC9E3} = {BD5E3D6C-EA0A-4A32-ABFC-B7EFC0CC3411}
		{FFD07CD3-CAE8-41C0-A9AB-08F0E7D3EDC0} = {CBFC2419-346A-4BB7-84B7-1FA0473DC9E3}
		{40141F87-A5E5-43A6-88DA-7E40F6B9614D} = {702E9EBF-3011-44A3-9F0B-AF102FEB0A0B}
		{AA0CF3F0-5B18-4BC9-AF9A-E67A79A6A234} = {F1D3BABC-26CF-4686-A81E-445349B8DF77}
		{7A0CEBB2-2244-4DEC-87D4-0DBE200607FC} = {F1D3BABC-26CF-4686-A81E-445349B8DF77}
		{BBB9C5C7-0DF4-44E8-9851-5C509B40A7B1} = {CBFC2419-346A-4BB7-84B7-1FA0473DC9E3}
		{F736B24B-2A6D-4A0F-B34B-EC010ECB0447} = {2AF3E61E-3E35-45FC-99B6-F67275A4AD95}
		{2706F5CA-9ADD-42DD-8AAC-F88A4B7880A2} = {CBFC2419-346A-4BB7-84B7-1FA0473DC9E3}
		{88A464BD-E8AB-46B4-807B-DF58F6F29DE3} = {2AF3E61E-3E35-45FC-99B6-F67275A4AD95}
	EndGlobalSection
EndGlobal
